
Microsoft Visual Studio Solution File, Format Version 12.00
# Visual Studio Version 17
VisualStudioVersion = 17.8.34330.188
MinimumVisualStudioVersion = 10.0.40219.1
Project("{8BC9CEB8-8B4A-11D0-8D11-00A0C91BC942}") = "MyCompiler", "MyCompiler\MyCompiler.vcxproj", "{34EEFD09-09F4-4571-98EE-653CEE2EEFD7}"
EndProject
Global
	GlobalSection(SolutionConfigurationPlatforms) = preSolution
		Debug|x64 = Debug|x64
		Debug|x86 = Debug|x86
		Release|x64 = Release|x64
		Release|x86 = Release|x86
	EndGlobalSection
	GlobalSection(ProjectConfigurationPlatforms) = postSolution
		{34EEFD09-09F4-4571-98EE-653CEE2EEFD7}.Debug|x64.ActiveCfg = Debug|x64
		{34EEFD09-09F4-4571-98EE-653CEE2EEFD7}.Debug|x64.Build.0 = Debug|x64
		{34EEFD09-09F4-4571-98EE-653CEE2EEFD7}.Debug|x86.ActiveCfg = Debug|Win32
		{34EEFD09-09F4-4571-98EE-653CEE2EEFD7}.Debug|x86.Build.0 = Debug|Win32
		{34EEFD09-09F4-4571-98EE-653CEE2EEFD7}.Release|x64.ActiveCfg = Release|x64
		{34EEFD09-09F4-4571-98EE-653CEE2EEFD7}.Release|x64.Build.0 = Release|x64
		{34EEFD09-09F4-4571-98EE-653CEE2EEFD7}.Release|x86.ActiveCfg = Release|Win32
		{34EEFD09-09F4-4571-98EE-653CEE2EEFD7}.Release|x86.Build.0 = Release|Win32
	EndGlobalSection
	GlobalSection(SolutionProperties) = preSolution
		HideSolutionNode = FALSE
	EndGlobalSection
	GlobalSection(ExtensibilityGlobals) = postSolution
		SolutionGuid = {6EB3B978-1A27-476C-8F14-2E08BC2255FF}
	EndGlobalSection
EndGlobal
